
Microsoft Visual Studio Solution File, Format Version 12.00
# Visual Studio 15
VisualStudioVersion = 15.0.27004.2006
MinimumVisualStudioVersion = 10.0.40219.1
Project("{9A19103F-16F7-4668-BE54-9A1E7A4F7556}") = "KeyVaultBinding.ExampleFunctionApp", "KeyVaultBinding.ExampleFunctionApp\KeyVaultBinding.ExampleFunctionApp.csproj", "{3C3D0520-F9B2-4924-A15A-14F81D64AC33}"
EndProject
Project("{FAE04EC0-301F-11D3-BF4B-00C04F79EFBC}") = "KeyVaultBinding", "KeyVaultBinding\KeyVaultBinding.csproj", "{E3978B94-A64E-4C6B-A6D5-0E5D07938CF9}"
EndProject
Global
	GlobalSection(SolutionConfigurationPlatforms) = preSolution
		Debug|Any CPU = Debug|Any CPU
		Release|Any CPU = Release|Any CPU
	EndGlobalSection
	GlobalSection(ProjectConfigurationPlatforms) = postSolution
		{3C3D0520-F9B2-4924-A15A-14F81D64AC33}.Debug|Any CPU.ActiveCfg = Debug|Any CPU
		{3C3D0520-F9B2-4924-A15A-14F81D64AC33}.Debug|Any CPU.Build.0 = Debug|Any CPU
		{3C3D0520-F9B2-4924-A15A-14F81D64AC33}.Release|Any CPU.ActiveCfg = Release|Any CPU
		{3C3D0520-F9B2-4924-A15A-14F81D64AC33}.Release|Any CPU.Build.0 = Release|Any CPU
		{E3978B94-A64E-4C6B-A6D5-0E5D07938CF9}.Debug|Any CPU.ActiveCfg = Debug|Any CPU
		{E3978B94-A64E-4C6B-A6D5-0E5D07938CF9}.Debug|Any CPU.Build.0 = Debug|Any CPU
		{E3978B94-A64E-4C6B-A6D5-0E5D07938CF9}.Release|Any CPU.ActiveCfg = Release|Any CPU
		{E3978B94-A64E-4C6B-A6D5-0E5D07938CF9}.Release|Any CPU.Build.0 = Release|Any CPU
	EndGlobalSection
	GlobalSection(SolutionProperties) = preSolution
		HideSolutionNode = FALSE
	EndGlobalSection
	GlobalSection(ExtensibilityGlobals) = postSolution
		SolutionGuid = {D2F497A8-999D-4B56-9647-C6D29879FBAD}
	EndGlobalSection
EndGlobal
